// !$*UTF8*$!
{
	archiveVersion = 1;
	classes = {
	};
	objectVersion = 46;
	objects = {

/* Begin PBXBuildFile section */
		0400654F1CE9915600716B9F /* XCFContentItem.m in Sources */ = {isa = PBXBuildFile; fileRef = 0400654E1CE9915600716B9F /* XCFContentItem.m */; };
		040065521CE9935000716B9F /* XCFPopularEventsItem.m in Sources */ = {isa = PBXBuildFile; fileRef = 040065511CE9935000716B9F /* XCFPopularEventsItem.m */; };
		040065551CE993D100716B9F /* XCFEventItem.m in Sources */ = {isa = PBXBuildFile; fileRef = 040065541CE993D100716B9F /* XCFEventItem.m */; };
		040065581CE997B700716B9F /* XCFDishesItem.m in Sources */ = {isa = PBXBuildFile; fileRef = 040065571CE997B700716B9F /* XCFDishesItem.m */; };
		0400655B1CE9BF8600716B9F /* XCFPopularEventView.m in Sources */ = {isa = PBXBuildFile; fileRef = 0400655A1CE9BF8600716B9F /* XCFPopularEventView.m */; };
		0400655D1CE9BF9900716B9F /* XCFPopularEventView.xib in Resources */ = {isa = PBXBuildFile; fileRef = 0400655C1CE9BF9900716B9F /* XCFPopularEventView.xib */; };
		0415C4941CEB397000B8DF73 /* XCFTemplateOneCell.m in Sources */ = {isa = PBXBuildFile; fileRef = 0415C4921CEB397000B8DF73 /* XCFTemplateOneCell.m */; };
		0415C4951CEB397000B8DF73 /* XCFTemplateOneCell.xib in Resources */ = {isa = PBXBuildFile; fileRef = 0415C4931CEB397000B8DF73 /* XCFTemplateOneCell.xib */; };
		0415C49A1CEB3CCA00B8DF73 /* XCFTemplateTwoCell.m in Sources */ = {isa = PBXBuildFile; fileRef = 0415C4981CEB3CCA00B8DF73 /* XCFTemplateTwoCell.m */; };
		0415C49B1CEB3CCA00B8DF73 /* XCFTemplateTwoCell.xib in Resources */ = {isa = PBXBuildFile; fileRef = 0415C4991CEB3CCA00B8DF73 /* XCFTemplateTwoCell.xib */; };
		0415C49F1CEB3E6300B8DF73 /* XCFTemplateFourCell.m in Sources */ = {isa = PBXBuildFile; fileRef = 0415C49D1CEB3E6300B8DF73 /* XCFTemplateFourCell.m */; };
		0415C4A01CEB3E6300B8DF73 /* XCFTemplateFourCell.xib in Resources */ = {isa = PBXBuildFile; fileRef = 0415C49E1CEB3E6300B8DF73 /* XCFTemplateFourCell.xib */; };
		0415C4A41CEB3EDD00B8DF73 /* XCFTemplateFiveCell.m in Sources */ = {isa = PBXBuildFile; fileRef = 0415C4A21CEB3EDD00B8DF73 /* XCFTemplateFiveCell.m */; };
		0415C4A51CEB3EDD00B8DF73 /* XCFTemplateFiveCell.xib in Resources */ = {isa = PBXBuildFile; fileRef = 0415C4A31CEB3EDD00B8DF73 /* XCFTemplateFiveCell.xib */; };
		04212FD01CE2C99100D64840 /* UIView+Extension.m in Sources */ = {isa = PBXBuildFile; fileRef = 04212FCF1CE2C99100D64840 /* UIView+Extension.m */; };
		04212FD81CE305AB00D64840 /* XCFConst.m in Sources */ = {isa = PBXBuildFile; fileRef = 04212FD71CE305AB00D64840 /* XCFConst.m */; };
		04212FDB1CE31AC600D64840 /* UIButton+Extension.m in Sources */ = {isa = PBXBuildFile; fileRef = 04212FDA1CE31AC600D64840 /* UIButton+Extension.m */; };
		04212FDE1CE32AFE00D64840 /* XCFNavButton.m in Sources */ = {isa = PBXBuildFile; fileRef = 04212FDD1CE32AFE00D64840 /* XCFNavButton.m */; };
		044730161CD84BB100673F92 /* main.m in Sources */ = {isa = PBXBuildFile; fileRef = 044730151CD84BB100673F92 /* main.m */; };
		044730191CD84BB100673F92 /* AppDelegate.m in Sources */ = {isa = PBXBuildFile; fileRef = 044730181CD84BB100673F92 /* AppDelegate.m */; };
		044730211CD84BB100673F92 /* Assets.xcassets in Resources */ = {isa = PBXBuildFile; fileRef = 044730201CD84BB100673F92 /* Assets.xcassets */; };
		044730241CD84BB100673F92 /* LaunchScreen.storyboard in Resources */ = {isa = PBXBuildFile; fileRef = 044730221CD84BB100673F92 /* LaunchScreen.storyboard */; };
		0461426B1CD8C720005F0419 /* XCFHomeViewController.m in Sources */ = {isa = PBXBuildFile; fileRef = 0461426A1CD8C720005F0419 /* XCFHomeViewController.m */; };
		0461426E1CD8C93F005F0419 /* XCFMarketViewController.m in Sources */ = {isa = PBXBuildFile; fileRef = 0461426D1CD8C93F005F0419 /* XCFMarketViewController.m */; };
		046142751CD8C9FB005F0419 /* XCFLoginViewController.m in Sources */ = {isa = PBXBuildFile; fileRef = 046142731CD8C9FB005F0419 /* XCFLoginViewController.m */; };
		046142761CD8C9FB005F0419 /* XCFLoginViewController.xib in Resources */ = {isa = PBXBuildFile; fileRef = 046142741CD8C9FB005F0419 /* XCFLoginViewController.xib */; };
		046142791CD8CA8C005F0419 /* XCFSettingViewController.m in Sources */ = {isa = PBXBuildFile; fileRef = 046142781CD8CA8C005F0419 /* XCFSettingViewController.m */; };
		0461427C1CD8CAA0005F0419 /* XCFProfileViewController.m in Sources */ = {isa = PBXBuildFile; fileRef = 0461427B1CD8CAA0005F0419 /* XCFProfileViewController.m */; };
		046238351CDCAC3E00D5B6C5 /* XCFNavigationController.m in Sources */ = {isa = PBXBuildFile; fileRef = 046238341CDCAC3E00D5B6C5 /* XCFNavigationController.m */; };
		04DAC29D1CEAE96000BA0A72 /* XCFHeaderViewController.m in Sources */ = {isa = PBXBuildFile; fileRef = 04DAC29B1CEAE96000BA0A72 /* XCFHeaderViewController.m */; };
		04DAC29E1CEAE96000BA0A72 /* XCFHeaderViewController.xib in Resources */ = {isa = PBXBuildFile; fileRef = 04DAC29C1CEAE96000BA0A72 /* XCFHeaderViewController.xib */; };
		04EEDC3A1CD880AA00AA64EF /* XCFMainViewController.m in Sources */ = {isa = PBXBuildFile; fileRef = 04EEDC391CD880AA00AA64EF /* XCFMainViewController.m */; };
		6B790A751CE221F400EAA45C /* UIBarButtonItem+Extension.m in Sources */ = {isa = PBXBuildFile; fileRef = 6B790A721CE221F400EAA45C /* UIBarButtonItem+Extension.m */; };
		6B790A761CE221F400EAA45C /* UIImage+Extension.m in Sources */ = {isa = PBXBuildFile; fileRef = 6B790A741CE221F400EAA45C /* UIImage+Extension.m */; };
		6B790A7A1CE2222000EAA45C /* XCFSearchBar.m in Sources */ = {isa = PBXBuildFile; fileRef = 6B790A791CE2222000EAA45C /* XCFSearchBar.m */; };
		6B790A7D1CE225C300EAA45C /* XCFSearchController.m in Sources */ = {isa = PBXBuildFile; fileRef = 6B790A7C1CE225C300EAA45C /* XCFSearchController.m */; };
		6B790A7E1CE2490400EAA45C /* XCFCommunityViewController.m in Sources */ = {isa = PBXBuildFile; fileRef = 0467190A1CE1F7DB00044F65 /* XCFCommunityViewController.m */; };
		6B7E84161CE4D140006D7903 /* XCFNavButtonItem.m in Sources */ = {isa = PBXBuildFile; fileRef = 6B7E84151CE4D140006D7903 /* XCFNavButtonItem.m */; };
		6B7E84191CE4E5BC006D7903 /* XCFURLConst.m in Sources */ = {isa = PBXBuildFile; fileRef = 6B7E84181CE4E5BC006D7903 /* XCFURLConst.m */; };
		6E4959DFDB6FC364539775A1 /* libPods.a in Frameworks */ = {isa = PBXBuildFile; fileRef = A7B7D087F8A70688F75A6C7C /* libPods.a */; };
/* End PBXBuildFile section */

/* Begin PBXFileReference section */
		037D2CD43429E9F9740EE860 /* Pods.release.xcconfig */ = {isa = PBXFileReference; includeInIndex = 1; lastKnownFileType = text.xcconfig; name = Pods.release.xcconfig; path = "Pods/Target Support Files/Pods/Pods.release.xcconfig"; sourceTree = "<group>"; };
		0400654D1CE9915600716B9F /* XCFContentItem.h */ = {isa = PBXFileReference; fileEncoding = 4; lastKnownFileType = sourcecode.c.h; path = XCFContentItem.h; sourceTree = "<group>"; };
		0400654E1CE9915600716B9F /* XCFContentItem.m */ = {isa = PBXFileReference; fileEncoding = 4; lastKnownFileType = sourcecode.c.objc; path = XCFContentItem.m; sourceTree = "<group>"; };
		040065501CE9935000716B9F /* XCFPopularEventsItem.h */ = {isa = PBXFileReference; fileEncoding = 4; lastKnownFileType = sourcecode.c.h; path = XCFPopularEventsItem.h; sourceTree = "<group>"; };
		040065511CE9935000716B9F /* XCFPopularEventsItem.m */ = {isa = PBXFileReference; fileEncoding = 4; lastKnownFileType = sourcecode.c.objc; path = XCFPopularEventsItem.m; sourceTree = "<group>"; };
		040065531CE993D100716B9F /* XCFEventItem.h */ = {isa = PBXFileReference; fileEncoding = 4; lastKnownFileType = sourcecode.c.h; path = XCFEventItem.h; sourceTree = "<group>"; };
		040065541CE993D100716B9F /* XCFEventItem.m */ = {isa = PBXFileReference; fileEncoding = 4; lastKnownFileType = sourcecode.c.objc; path = XCFEventItem.m; sourceTree = "<group>"; };
		040065561CE997B700716B9F /* XCFDishesItem.h */ = {isa = PBXFileReference; fileEncoding = 4; lastKnownFileType = sourcecode.c.h; path = XCFDishesItem.h; sourceTree = "<group>"; };
		040065571CE997B700716B9F /* XCFDishesItem.m */ = {isa = PBXFileReference; fileEncoding = 4; lastKnownFileType = sourcecode.c.objc; path = XCFDishesItem.m; sourceTree = "<group>"; };
		040065591CE9BF8600716B9F /* XCFPopularEventView.h */ = {isa = PBXFileReference; fileEncoding = 4; lastKnownFileType = sourcecode.c.h; path = XCFPopularEventView.h; sourceTree = "<group>"; };
		0400655A1CE9BF8600716B9F /* XCFPopularEventView.m */ = {isa = PBXFileReference; fileEncoding = 4; lastKnownFileType = sourcecode.c.objc; path = XCFPopularEventView.m; sourceTree = "<group>"; };
		0400655C1CE9BF9900716B9F /* XCFPopularEventView.xib */ = {isa = PBXFileReference; fileEncoding = 4; lastKnownFileType = file.xib; path = XCFPopularEventView.xib; sourceTree = "<group>"; };
		0415C4911CEB397000B8DF73 /* XCFTemplateOneCell.h */ = {isa = PBXFileReference; fileEncoding = 4; lastKnownFileType = sourcecode.c.h; path = XCFTemplateOneCell.h; sourceTree = "<group>"; };
		0415C4921CEB397000B8DF73 /* XCFTemplateOneCell.m */ = {isa = PBXFileReference; fileEncoding = 4; lastKnownFileType = sourcecode.c.objc; path = XCFTemplateOneCell.m; sourceTree = "<group>"; };
		0415C4931CEB397000B8DF73 /* XCFTemplateOneCell.xib */ = {isa = PBXFileReference; fileEncoding = 4; lastKnownFileType = file.xib; path = XCFTemplateOneCell.xib; sourceTree = "<group>"; };
		0415C4971CEB3CCA00B8DF73 /* XCFTemplateTwoCell.h */ = {isa = PBXFileReference; fileEncoding = 4; lastKnownFileType = sourcecode.c.h; path = XCFTemplateTwoCell.h; sourceTree = "<group>"; };
		0415C4981CEB3CCA00B8DF73 /* XCFTemplateTwoCell.m */ = {isa = PBXFileReference; fileEncoding = 4; lastKnownFileType = sourcecode.c.objc; path = XCFTemplateTwoCell.m; sourceTree = "<group>"; };
		0415C4991CEB3CCA00B8DF73 /* XCFTemplateTwoCell.xib */ = {isa = PBXFileReference; fileEncoding = 4; lastKnownFileType = file.xib; path = XCFTemplateTwoCell.xib; sourceTree = "<group>"; };
		0415C49C1CEB3E6300B8DF73 /* XCFTemplateFourCell.h */ = {isa = PBXFileReference; fileEncoding = 4; lastKnownFileType = sourcecode.c.h; path = XCFTemplateFourCell.h; sourceTree = "<group>"; };
		0415C49D1CEB3E6300B8DF73 /* XCFTemplateFourCell.m */ = {isa = PBXFileReference; fileEncoding = 4; lastKnownFileType = sourcecode.c.objc; path = XCFTemplateFourCell.m; sourceTree = "<group>"; };
		0415C49E1CEB3E6300B8DF73 /* XCFTemplateFourCell.xib */ = {isa = PBXFileReference; fileEncoding = 4; lastKnownFileType = file.xib; path = XCFTemplateFourCell.xib; sourceTree = "<group>"; };
		0415C4A11CEB3EDD00B8DF73 /* XCFTemplateFiveCell.h */ = {isa = PBXFileReference; fileEncoding = 4; lastKnownFileType = sourcecode.c.h; path = XCFTemplateFiveCell.h; sourceTree = "<group>"; };
		0415C4A21CEB3EDD00B8DF73 /* XCFTemplateFiveCell.m */ = {isa = PBXFileReference; fileEncoding = 4; lastKnownFileType = sourcecode.c.objc; path = XCFTemplateFiveCell.m; sourceTree = "<group>"; };
		0415C4A31CEB3EDD00B8DF73 /* XCFTemplateFiveCell.xib */ = {isa = PBXFileReference; fileEncoding = 4; lastKnownFileType = file.xib; path = XCFTemplateFiveCell.xib; sourceTree = "<group>"; };
		04212FCE1CE2C99100D64840 /* UIView+Extension.h */ = {isa = PBXFileReference; fileEncoding = 4; lastKnownFileType = sourcecode.c.h; path = "UIView+Extension.h"; sourceTree = "<group>"; };
		04212FCF1CE2C99100D64840 /* UIView+Extension.m */ = {isa = PBXFileReference; fileEncoding = 4; lastKnownFileType = sourcecode.c.objc; path = "UIView+Extension.m"; sourceTree = "<group>"; };
		04212FD61CE305AB00D64840 /* XCFConst.h */ = {isa = PBXFileReference; fileEncoding = 4; lastKnownFileType = sourcecode.c.h; path = XCFConst.h; sourceTree = "<group>"; };
		04212FD71CE305AB00D64840 /* XCFConst.m */ = {isa = PBXFileReference; fileEncoding = 4; lastKnownFileType = sourcecode.c.objc; path = XCFConst.m; sourceTree = "<group>"; };
		04212FD91CE31AC600D64840 /* UIButton+Extension.h */ = {isa = PBXFileReference; fileEncoding = 4; lastKnownFileType = sourcecode.c.h; path = "UIButton+Extension.h"; sourceTree = "<group>"; };
		04212FDA1CE31AC600D64840 /* UIButton+Extension.m */ = {isa = PBXFileReference; fileEncoding = 4; lastKnownFileType = sourcecode.c.objc; path = "UIButton+Extension.m"; sourceTree = "<group>"; };
		04212FDC1CE32AFE00D64840 /* XCFNavButton.h */ = {isa = PBXFileReference; fileEncoding = 4; lastKnownFileType = sourcecode.c.h; path = XCFNavButton.h; sourceTree = "<group>"; };
		04212FDD1CE32AFE00D64840 /* XCFNavButton.m */ = {isa = PBXFileReference; fileEncoding = 4; lastKnownFileType = sourcecode.c.objc; path = XCFNavButton.m; sourceTree = "<group>"; };
		044730111CD84BB100673F92 /* XCF.app */ = {isa = PBXFileReference; explicitFileType = wrapper.application; includeInIndex = 0; path = XCF.app; sourceTree = BUILT_PRODUCTS_DIR; };
		044730151CD84BB100673F92 /* main.m */ = {isa = PBXFileReference; lastKnownFileType = sourcecode.c.objc; path = main.m; sourceTree = "<group>"; };
		044730171CD84BB100673F92 /* AppDelegate.h */ = {isa = PBXFileReference; lastKnownFileType = sourcecode.c.h; path = AppDelegate.h; sourceTree = "<group>"; };
		044730181CD84BB100673F92 /* AppDelegate.m */ = {isa = PBXFileReference; lastKnownFileType = sourcecode.c.objc; path = AppDelegate.m; sourceTree = "<group>"; };
		044730201CD84BB100673F92 /* Assets.xcassets */ = {isa = PBXFileReference; lastKnownFileType = folder.assetcatalog; path = Assets.xcassets; sourceTree = "<group>"; };
		044730231CD84BB100673F92 /* Base */ = {isa = PBXFileReference; lastKnownFileType = file.storyboard; name = Base; path = Base.lproj/LaunchScreen.storyboard; sourceTree = "<group>"; };
		044730251CD84BB100673F92 /* Info.plist */ = {isa = PBXFileReference; lastKnownFileType = text.plist.xml; path = Info.plist; sourceTree = "<group>"; };
		046142681CD8C459005F0419 /* XCF.pch */ = {isa = PBXFileReference; lastKnownFileType = sourcecode.c.h; path = XCF.pch; sourceTree = "<group>"; };
		046142691CD8C720005F0419 /* XCFHomeViewController.h */ = {isa = PBXFileReference; fileEncoding = 4; lastKnownFileType = sourcecode.c.h; path = XCFHomeViewController.h; sourceTree = "<group>"; };
		0461426A1CD8C720005F0419 /* XCFHomeViewController.m */ = {isa = PBXFileReference; fileEncoding = 4; lastKnownFileType = sourcecode.c.objc; path = XCFHomeViewController.m; sourceTree = "<group>"; };
		0461426C1CD8C93F005F0419 /* XCFMarketViewController.h */ = {isa = PBXFileReference; fileEncoding = 4; lastKnownFileType = sourcecode.c.h; path = XCFMarketViewController.h; sourceTree = "<group>"; };
		0461426D1CD8C93F005F0419 /* XCFMarketViewController.m */ = {isa = PBXFileReference; fileEncoding = 4; lastKnownFileType = sourcecode.c.objc; path = XCFMarketViewController.m; sourceTree = "<group>"; };
		046142721CD8C9FB005F0419 /* XCFLoginViewController.h */ = {isa = PBXFileReference; fileEncoding = 4; lastKnownFileType = sourcecode.c.h; path = XCFLoginViewController.h; sourceTree = "<group>"; };
		046142731CD8C9FB005F0419 /* XCFLoginViewController.m */ = {isa = PBXFileReference; fileEncoding = 4; lastKnownFileType = sourcecode.c.objc; path = XCFLoginViewController.m; sourceTree = "<group>"; };
		046142741CD8C9FB005F0419 /* XCFLoginViewController.xib */ = {isa = PBXFileReference; fileEncoding = 4; lastKnownFileType = file.xib; path = XCFLoginViewController.xib; sourceTree = "<group>"; };
		046142771CD8CA8C005F0419 /* XCFSettingViewController.h */ = {isa = PBXFileReference; fileEncoding = 4; lastKnownFileType = sourcecode.c.h; path = XCFSettingViewController.h; sourceTree = "<group>"; };
		046142781CD8CA8C005F0419 /* XCFSettingViewController.m */ = {isa = PBXFileReference; fileEncoding = 4; lastKnownFileType = sourcecode.c.objc; path = XCFSettingViewController.m; sourceTree = "<group>"; };
		0461427A1CD8CAA0005F0419 /* XCFProfileViewController.h */ = {isa = PBXFileReference; fileEncoding = 4; lastKnownFileType = sourcecode.c.h; path = XCFProfileViewController.h; sourceTree = "<group>"; };
		0461427B1CD8CAA0005F0419 /* XCFProfileViewController.m */ = {isa = PBXFileReference; fileEncoding = 4; lastKnownFileType = sourcecode.c.objc; path = XCFProfileViewController.m; sourceTree = "<group>"; };
		046238331CDCAC3E00D5B6C5 /* XCFNavigationController.h */ = {isa = PBXFileReference; fileEncoding = 4; lastKnownFileType = sourcecode.c.h; path = XCFNavigationController.h; sourceTree = "<group>"; };
		046238341CDCAC3E00D5B6C5 /* XCFNavigationController.m */ = {isa = PBXFileReference; fileEncoding = 4; lastKnownFileType = sourcecode.c.objc; path = XCFNavigationController.m; sourceTree = "<group>"; };
		046719091CE1F7DB00044F65 /* XCFCommunityViewController.h */ = {isa = PBXFileReference; fileEncoding = 4; lastKnownFileType = sourcecode.c.h; path = XCFCommunityViewController.h; sourceTree = "<group>"; };
		0467190A1CE1F7DB00044F65 /* XCFCommunityViewController.m */ = {isa = PBXFileReference; fileEncoding = 4; lastKnownFileType = sourcecode.c.objc; path = XCFCommunityViewController.m; sourceTree = "<group>"; };
		04DAC29A1CEAE96000BA0A72 /* XCFHeaderViewController.h */ = {isa = PBXFileReference; fileEncoding = 4; lastKnownFileType = sourcecode.c.h; path = XCFHeaderViewController.h; sourceTree = "<group>"; };
		04DAC29B1CEAE96000BA0A72 /* XCFHeaderViewController.m */ = {isa = PBXFileReference; fileEncoding = 4; lastKnownFileType = sourcecode.c.objc; path = XCFHeaderViewController.m; sourceTree = "<group>"; };
		04DAC29C1CEAE96000BA0A72 /* XCFHeaderViewController.xib */ = {isa = PBXFileReference; fileEncoding = 4; lastKnownFileType = file.xib; path = XCFHeaderViewController.xib; sourceTree = "<group>"; };
		04EEDC381CD880AA00AA64EF /* XCFMainViewController.h */ = {isa = PBXFileReference; fileEncoding = 4; lastKnownFileType = sourcecode.c.h; path = XCFMainViewController.h; sourceTree = "<group>"; };
		04EEDC391CD880AA00AA64EF /* XCFMainViewController.m */ = {isa = PBXFileReference; fileEncoding = 4; lastKnownFileType = sourcecode.c.objc; path = XCFMainViewController.m; sourceTree = "<group>"; };
		6B790A711CE221F400EAA45C /* UIBarButtonItem+Extension.h */ = {isa = PBXFileReference; fileEncoding = 4; lastKnownFileType = sourcecode.c.h; path = "UIBarButtonItem+Extension.h"; sourceTree = "<group>"; };
		6B790A721CE221F400EAA45C /* UIBarButtonItem+Extension.m */ = {isa = PBXFileReference; fileEncoding = 4; lastKnownFileType = sourcecode.c.objc; path = "UIBarButtonItem+Extension.m"; sourceTree = "<group>"; };
		6B790A731CE221F400EAA45C /* UIImage+Extension.h */ = {isa = PBXFileReference; fileEncoding = 4; lastKnownFileType = sourcecode.c.h; path = "UIImage+Extension.h"; sourceTree = "<group>"; };
		6B790A741CE221F400EAA45C /* UIImage+Extension.m */ = {isa = PBXFileReference; fileEncoding = 4; lastKnownFileType = sourcecode.c.objc; path = "UIImage+Extension.m"; sourceTree = "<group>"; };
		6B790A781CE2222000EAA45C /* XCFSearchBar.h */ = {isa = PBXFileReference; fileEncoding = 4; lastKnownFileType = sourcecode.c.h; path = XCFSearchBar.h; sourceTree = "<group>"; };
		6B790A791CE2222000EAA45C /* XCFSearchBar.m */ = {isa = PBXFileReference; fileEncoding = 4; lastKnownFileType = sourcecode.c.objc; path = XCFSearchBar.m; sourceTree = "<group>"; };
		6B790A7B1CE225C300EAA45C /* XCFSearchController.h */ = {isa = PBXFileReference; fileEncoding = 4; lastKnownFileType = sourcecode.c.h; path = XCFSearchController.h; sourceTree = "<group>"; };
		6B790A7C1CE225C300EAA45C /* XCFSearchController.m */ = {isa = PBXFileReference; fileEncoding = 4; lastKnownFileType = sourcecode.c.objc; path = XCFSearchController.m; sourceTree = "<group>"; };
		6B7E84141CE4D140006D7903 /* XCFNavButtonItem.h */ = {isa = PBXFileReference; fileEncoding = 4; lastKnownFileType = sourcecode.c.h; name = XCFNavButtonItem.h; path = XCF/Classes/Home/Controller/XCFNavButtonItem.h; sourceTree = SOURCE_ROOT; };
		6B7E84151CE4D140006D7903 /* XCFNavButtonItem.m */ = {isa = PBXFileReference; fileEncoding = 4; lastKnownFileType = sourcecode.c.objc; name = XCFNavButtonItem.m; path = XCF/Classes/Home/Controller/XCFNavButtonItem.m; sourceTree = SOURCE_ROOT; };
		6B7E84171CE4E5BC006D7903 /* XCFURLConst.h */ = {isa = PBXFileReference; fileEncoding = 4; lastKnownFileType = sourcecode.c.h; path = XCFURLConst.h; sourceTree = "<group>"; };
		6B7E84181CE4E5BC006D7903 /* XCFURLConst.m */ = {isa = PBXFileReference; fileEncoding = 4; lastKnownFileType = sourcecode.c.objc; path = XCFURLConst.m; sourceTree = "<group>"; };
		780FE1FEE880992158D50094 /* Pods.debug.xcconfig */ = {isa = PBXFileReference; includeInIndex = 1; lastKnownFileType = text.xcconfig; name = Pods.debug.xcconfig; path = "Pods/Target Support Files/Pods/Pods.debug.xcconfig"; sourceTree = "<group>"; };
		A7B7D087F8A70688F75A6C7C /* libPods.a */ = {isa = PBXFileReference; explicitFileType = archive.ar; includeInIndex = 0; path = libPods.a; sourceTree = BUILT_PRODUCTS_DIR; };
/* End PBXFileReference section */

/* Begin PBXFrameworksBuildPhase section */
		0447300E1CD84BB100673F92 /* Frameworks */ = {
			isa = PBXFrameworksBuildPhase;
			buildActionMask = 2147483647;
			files = (
				6E4959DFDB6FC364539775A1 /* libPods.a in Frameworks */,
			);
			runOnlyForDeploymentPostprocessing = 0;
		};
/* End PBXFrameworksBuildPhase section */

/* Begin PBXGroup section */
		0400655E1CE9F0BF00716B9F /* HeaderModel */ = {
			isa = PBXGroup;
			children = (
				0400654D1CE9915600716B9F /* XCFContentItem.h */,
				0400654E1CE9915600716B9F /* XCFContentItem.m */,
				6B7E84141CE4D140006D7903 /* XCFNavButtonItem.h */,
				6B7E84151CE4D140006D7903 /* XCFNavButtonItem.m */,
				040065501CE9935000716B9F /* XCFPopularEventsItem.h */,
				040065511CE9935000716B9F /* XCFPopularEventsItem.m */,
				040065531CE993D100716B9F /* XCFEventItem.h */,
				040065541CE993D100716B9F /* XCFEventItem.m */,
				040065561CE997B700716B9F /* XCFDishesItem.h */,
				040065571CE997B700716B9F /* XCFDishesItem.m */,
			);
			name = HeaderModel;
			sourceTree = "<group>";
		};
		0400655F1CE9F0DE00716B9F /* HeaderView */ = {
			isa = PBXGroup;
			children = (
				04212FDC1CE32AFE00D64840 /* XCFNavButton.h */,
				04212FDD1CE32AFE00D64840 /* XCFNavButton.m */,
				040065591CE9BF8600716B9F /* XCFPopularEventView.h */,
				0400655A1CE9BF8600716B9F /* XCFPopularEventView.m */,
				0400655C1CE9BF9900716B9F /* XCFPopularEventView.xib */,
			);
			name = HeaderView;
			sourceTree = "<group>";
		};
		0415C4961CEB397D00B8DF73 /* Cell */ = {
			isa = PBXGroup;
			children = (
				0415C4911CEB397000B8DF73 /* XCFTemplateOneCell.h */,
				0415C4921CEB397000B8DF73 /* XCFTemplateOneCell.m */,
				0415C4931CEB397000B8DF73 /* XCFTemplateOneCell.xib */,
				0415C4971CEB3CCA00B8DF73 /* XCFTemplateTwoCell.h */,
				0415C4981CEB3CCA00B8DF73 /* XCFTemplateTwoCell.m */,
				0415C4991CEB3CCA00B8DF73 /* XCFTemplateTwoCell.xib */,
				0415C49C1CEB3E6300B8DF73 /* XCFTemplateFourCell.h */,
				0415C49D1CEB3E6300B8DF73 /* XCFTemplateFourCell.m */,
				0415C49E1CEB3E6300B8DF73 /* XCFTemplateFourCell.xib */,
				0415C4A11CEB3EDD00B8DF73 /* XCFTemplateFiveCell.h */,
				0415C4A21CEB3EDD00B8DF73 /* XCFTemplateFiveCell.m */,
				0415C4A31CEB3EDD00B8DF73 /* XCFTemplateFiveCell.xib */,
			);
			name = Cell;
			sourceTree = "<group>";
		};
		044730081CD84BB000673F92 = {
			isa = PBXGroup;
			children = (
				044730131CD84BB100673F92 /* XCF */,
				044730121CD84BB100673F92 /* Products */,
				2230132563802D3E8043C805 /* Pods */,
				15E4845FAB0E132992B79283 /* Frameworks */,
			);
			sourceTree = "<group>";
		};
		044730121CD84BB100673F92 /* Products */ = {
			isa = PBXGroup;
			children = (
				044730111CD84BB100673F92 /* XCF.app */,
			);
			name = Products;
			sourceTree = "<group>";
		};
		044730131CD84BB100673F92 /* XCF */ = {
			isa = PBXGroup;
			children = (
				04EEDC221CD8792100AA64EF /* Classes */,
				044730171CD84BB100673F92 /* AppDelegate.h */,
				044730181CD84BB100673F92 /* AppDelegate.m */,
				044730201CD84BB100673F92 /* Assets.xcassets */,
				044730221CD84BB100673F92 /* LaunchScreen.storyboard */,
				044730251CD84BB100673F92 /* Info.plist */,
				044730141CD84BB100673F92 /* Supporting Files */,
			);
			path = XCF;
			sourceTree = "<group>";
		};
		044730141CD84BB100673F92 /* Supporting Files */ = {
			isa = PBXGroup;
			children = (
				044730151CD84BB100673F92 /* main.m */,
			);
			name = "Supporting Files";
			sourceTree = "<group>";
		};
		04EEDC221CD8792100AA64EF /* Classes */ = {
			isa = PBXGroup;
			children = (
				04EEDC281CD8792100AA64EF /* Main */,
				04EEDC241CD8792100AA64EF /* Home */,
				04EEDC2C1CD8792100AA64EF /* Market */,
				04EEDC231CD8792100AA64EF /* Community */,
				04EEDC311CD8792100AA64EF /* Profile */,
				04EEDC301CD8792100AA64EF /* Other */,
			);
			path = Classes;
			sourceTree = "<group>";
		};
		04EEDC231CD8792100AA64EF /* Community */ = {
			isa = PBXGroup;
			children = (
				04EEDC351CD8802700AA64EF /* Controller */,
				04EEDC361CD8802700AA64EF /* Model */,
				04EEDC371CD8802700AA64EF /* View */,
			);
			path = Community;
			sourceTree = "<group>";
		};
		04EEDC241CD8792100AA64EF /* Home */ = {
			isa = PBXGroup;
			children = (
				04EEDC251CD8792100AA64EF /* Controller */,
				04EEDC261CD8792100AA64EF /* Model */,
				04EEDC271CD8792100AA64EF /* View */,
			);
			path = Home;
			sourceTree = "<group>";
		};
		04EEDC251CD8792100AA64EF /* Controller */ = {
			isa = PBXGroup;
			children = (
				046142691CD8C720005F0419 /* XCFHomeViewController.h */,
				0461426A1CD8C720005F0419 /* XCFHomeViewController.m */,
				6B790A7B1CE225C300EAA45C /* XCFSearchController.h */,
				6B790A7C1CE225C300EAA45C /* XCFSearchController.m */,
				04DAC29A1CEAE96000BA0A72 /* XCFHeaderViewController.h */,
				04DAC29B1CEAE96000BA0A72 /* XCFHeaderViewController.m */,
				04DAC29C1CEAE96000BA0A72 /* XCFHeaderViewController.xib */,
			);
			path = Controller;
			sourceTree = "<group>";
		};
		04EEDC261CD8792100AA64EF /* Model */ = {
			isa = PBXGroup;
			children = (
				0400655E1CE9F0BF00716B9F /* HeaderModel */,
			);
			path = Model;
			sourceTree = "<group>";
		};
		04EEDC271CD8792100AA64EF /* View */ = {
			isa = PBXGroup;
			children = (
				0400655F1CE9F0DE00716B9F /* HeaderView */,
				0415C4961CEB397D00B8DF73 /* Cell */,
			);
			path = View;
			sourceTree = "<group>";
		};
		04EEDC281CD8792100AA64EF /* Main */ = {
			isa = PBXGroup;
			children = (
				04EEDC291CD8792100AA64EF /* Controller */,
				04EEDC2A1CD8792100AA64EF /* Model */,
				04EEDC2B1CD8792100AA64EF /* View */,
			);
			path = Main;
			sourceTree = "<group>";
		};
		04EEDC291CD8792100AA64EF /* Controller */ = {
			isa = PBXGroup;
			children = (
				04EEDC381CD880AA00AA64EF /* XCFMainViewController.h */,
				04EEDC391CD880AA00AA64EF /* XCFMainViewController.m */,
				046238331CDCAC3E00D5B6C5 /* XCFNavigationController.h */,
				046238341CDCAC3E00D5B6C5 /* XCFNavigationController.m */,
			);
			path = Controller;
			sourceTree = "<group>";
		};
		04EEDC2A1CD8792100AA64EF /* Model */ = {
			isa = PBXGroup;
			children = (
			);
			path = Model;
			sourceTree = "<group>";
		};
		04EEDC2B1CD8792100AA64EF /* View */ = {
			isa = PBXGroup;
			children = (
			);
			path = View;
			sourceTree = "<group>";
		};
		04EEDC2C1CD8792100AA64EF /* Market */ = {
			isa = PBXGroup;
			children = (
				04EEDC2D1CD8792100AA64EF /* Controller */,
				04EEDC2E1CD8792100AA64EF /* Model */,
				04EEDC2F1CD8792100AA64EF /* View */,
			);
			path = Market;
			sourceTree = "<group>";
		};
		04EEDC2D1CD8792100AA64EF /* Controller */ = {
			isa = PBXGroup;
			children = (
				0461426C1CD8C93F005F0419 /* XCFMarketViewController.h */,
				0461426D1CD8C93F005F0419 /* XCFMarketViewController.m */,
			);
			path = Controller;
			sourceTree = "<group>";
		};
		04EEDC2E1CD8792100AA64EF /* Model */ = {
			isa = PBXGroup;
			children = (
			);
			path = Model;
			sourceTree = "<group>";
		};
		04EEDC2F1CD8792100AA64EF /* View */ = {
			isa = PBXGroup;
			children = (
			);
			path = View;
			sourceTree = "<group>";
		};
		04EEDC301CD8792100AA64EF /* Other */ = {
			isa = PBXGroup;
			children = (
				6B790A771CE2220400EAA45C /* PublicView */,
				6B790A701CE221F400EAA45C /* Category */,
				046142681CD8C459005F0419 /* XCF.pch */,
				04212FD61CE305AB00D64840 /* XCFConst.h */,
				04212FD71CE305AB00D64840 /* XCFConst.m */,
				6B7E84171CE4E5BC006D7903 /* XCFURLConst.h */,
				6B7E84181CE4E5BC006D7903 /* XCFURLConst.m */,
			);
			path = Other;
			sourceTree = "<group>";
		};
		04EEDC311CD8792100AA64EF /* Profile */ = {
			isa = PBXGroup;
			children = (
				04EEDC321CD8792100AA64EF /* Controller */,
				04EEDC331CD8792100AA64EF /* Model */,
				04EEDC341CD8792100AA64EF /* View */,
			);
			path = Profile;
			sourceTree = "<group>";
		};
		04EEDC321CD8792100AA64EF /* Controller */ = {
			isa = PBXGroup;
			children = (
				046142721CD8C9FB005F0419 /* XCFLoginViewController.h */,
				046142731CD8C9FB005F0419 /* XCFLoginViewController.m */,
				046142741CD8C9FB005F0419 /* XCFLoginViewController.xib */,
				046142771CD8CA8C005F0419 /* XCFSettingViewController.h */,
				046142781CD8CA8C005F0419 /* XCFSettingViewController.m */,
				0461427A1CD8CAA0005F0419 /* XCFProfileViewController.h */,
				0461427B1CD8CAA0005F0419 /* XCFProfileViewController.m */,
			);
			path = Controller;
			sourceTree = "<group>";
		};
		04EEDC331CD8792100AA64EF /* Model */ = {
			isa = PBXGroup;
			children = (
			);
			path = Model;
			sourceTree = "<group>";
		};
		04EEDC341CD8792100AA64EF /* View */ = {
			isa = PBXGroup;
			children = (
			);
			path = View;
			sourceTree = "<group>";
		};
		04EEDC351CD8802700AA64EF /* Controller */ = {
			isa = PBXGroup;
			children = (
				046719091CE1F7DB00044F65 /* XCFCommunityViewController.h */,
				0467190A1CE1F7DB00044F65 /* XCFCommunityViewController.m */,
			);
			path = Controller;
			sourceTree = "<group>";
		};
		04EEDC361CD8802700AA64EF /* Model */ = {
			isa = PBXGroup;
			children = (
			);
			path = Model;
			sourceTree = "<group>";
		};
		04EEDC371CD8802700AA64EF /* View */ = {
			isa = PBXGroup;
			children = (
			);
			path = View;
			sourceTree = "<group>";
		};
		15E4845FAB0E132992B79283 /* Frameworks */ = {
			isa = PBXGroup;
			children = (
				A7B7D087F8A70688F75A6C7C /* libPods.a */,
			);
			name = Frameworks;
			sourceTree = "<group>";
		};
		2230132563802D3E8043C805 /* Pods */ = {
			isa = PBXGroup;
			children = (
				780FE1FEE880992158D50094 /* Pods.debug.xcconfig */,
				037D2CD43429E9F9740EE860 /* Pods.release.xcconfig */,
			);
			name = Pods;
			sourceTree = "<group>";
		};
		6B790A701CE221F400EAA45C /* Category */ = {
			isa = PBXGroup;
			children = (
				6B790A711CE221F400EAA45C /* UIBarButtonItem+Extension.h */,
				6B790A721CE221F400EAA45C /* UIBarButtonItem+Extension.m */,
				6B790A731CE221F400EAA45C /* UIImage+Extension.h */,
				6B790A741CE221F400EAA45C /* UIImage+Extension.m */,
				04212FCE1CE2C99100D64840 /* UIView+Extension.h */,
				04212FCF1CE2C99100D64840 /* UIView+Extension.m */,
				04212FD91CE31AC600D64840 /* UIButton+Extension.h */,
				04212FDA1CE31AC600D64840 /* UIButton+Extension.m */,
			);
			path = Category;
			sourceTree = "<group>";
		};
		6B790A771CE2220400EAA45C /* PublicView */ = {
			isa = PBXGroup;
			children = (
				6B790A781CE2222000EAA45C /* XCFSearchBar.h */,
				6B790A791CE2222000EAA45C /* XCFSearchBar.m */,
			);
			path = PublicView;
			sourceTree = "<group>";
		};
/* End PBXGroup section */

/* Begin PBXNativeTarget section */
		044730101CD84BB100673F92 /* XCF */ = {
			isa = PBXNativeTarget;
			buildConfigurationList = 044730281CD84BB100673F92 /* Build configuration list for PBXNativeTarget "XCF" */;
			buildPhases = (
				3A5F47930CDD694BBBF5F9CB /* Check Pods Manifest.lock */,
				0447300D1CD84BB100673F92 /* Sources */,
				0447300E1CD84BB100673F92 /* Frameworks */,
				0447300F1CD84BB100673F92 /* Resources */,
				DE1E47425F7A21ED4308B850 /* Embed Pods Frameworks */,
				02B707906D33D86D03A03EB5 /* Copy Pods Resources */,
			);
			buildRules = (
			);
			dependencies = (
			);
			name = XCF;
			productName = XCF;
			productReference = 044730111CD84BB100673F92 /* XCF.app */;
			productType = "com.apple.product-type.application";
		};
/* End PBXNativeTarget section */

/* Begin PBXProject section */
		044730091CD84BB000673F92 /* Project object */ = {
			isa = PBXProject;
			attributes = {
				CLASSPREFIX = XCF;
				LastUpgradeCheck = 0720;
				ORGANIZATIONNAME = dalpha;
				TargetAttributes = {
					044730101CD84BB100673F92 = {
						CreatedOnToolsVersion = 7.2.1;
						DevelopmentTeam = NQSAW3446K;
					};
				};
			};
			buildConfigurationList = 0447300C1CD84BB000673F92 /* Build configuration list for PBXProject "XCF" */;
			compatibilityVersion = "Xcode 3.2";
			developmentRegion = English;
			hasScannedForEncodings = 0;
			knownRegions = (
				en,
				Base,
			);
			mainGroup = 044730081CD84BB000673F92;
			productRefGroup = 044730121CD84BB100673F92 /* Products */;
			projectDirPath = "";
			projectRoot = "";
			targets = (
				044730101CD84BB100673F92 /* XCF */,
			);
		};
/* End PBXProject section */

/* Begin PBXResourcesBuildPhase section */
		0447300F1CD84BB100673F92 /* Resources */ = {
			isa = PBXResourcesBuildPhase;
			buildActionMask = 2147483647;
			files = (
				046142761CD8C9FB005F0419 /* XCFLoginViewController.xib in Resources */,
				0415C4A01CEB3E6300B8DF73 /* XCFTemplateFourCell.xib in Resources */,
				044730241CD84BB100673F92 /* LaunchScreen.storyboard in Resources */,
				044730211CD84BB100673F92 /* Assets.xcassets in Resources */,
				0415C4A51CEB3EDD00B8DF73 /* XCFTemplateFiveCell.xib in Resources */,
				0415C49B1CEB3CCA00B8DF73 /* XCFTemplateTwoCell.xib in Resources */,
				0400655D1CE9BF9900716B9F /* XCFPopularEventView.xib in Resources */,
				0415C4951CEB397000B8DF73 /* XCFTemplateOneCell.xib in Resources */,
				04DAC29E1CEAE96000BA0A72 /* XCFHeaderViewController.xib in Resources */,
			);
			runOnlyForDeploymentPostprocessing = 0;
		};
/* End PBXResourcesBuildPhase section */

/* Begin PBXShellScriptBuildPhase section */
		02B707906D33D86D03A03EB5 /* Copy Pods Resources */ = {
			isa = PBXShellScriptBuildPhase;
			buildActionMask = 2147483647;
			files = (
			);
			inputPaths = (
			);
			name = "Copy Pods Resources";
			outputPaths = (
			);
			runOnlyForDeploymentPostprocessing = 0;
			shellPath = /bin/sh;
			shellScript = "\"${SRCROOT}/Pods/Target Support Files/Pods/Pods-resources.sh\"\n";
			showEnvVarsInLog = 0;
		};
		3A5F47930CDD694BBBF5F9CB /* Check Pods Manifest.lock */ = {
			isa = PBXShellScriptBuildPhase;
			buildActionMask = 2147483647;
			files = (
			);
			inputPaths = (
			);
			name = "Check Pods Manifest.lock";
			outputPaths = (
			);
			runOnlyForDeploymentPostprocessing = 0;
			shellPath = /bin/sh;
			shellScript = "diff \"${PODS_ROOT}/../Podfile.lock\" \"${PODS_ROOT}/Manifest.lock\" > /dev/null\nif [[ $? != 0 ]] ; then\n    cat << EOM\nerror: The sandbox is not in sync with the Podfile.lock. Run 'pod install' or update your CocoaPods installation.\nEOM\n    exit 1\nfi\n";
			showEnvVarsInLog = 0;
		};
		DE1E47425F7A21ED4308B850 /* Embed Pods Frameworks */ = {
			isa = PBXShellScriptBuildPhase;
			buildActionMask = 2147483647;
			files = (
			);
			inputPaths = (
			);
			name = "Embed Pods Frameworks";
			outputPaths = (
			);
			runOnlyForDeploymentPostprocessing = 0;
			shellPath = /bin/sh;
			shellScript = "\"${SRCROOT}/Pods/Target Support Files/Pods/Pods-frameworks.sh\"\n";
			showEnvVarsInLog = 0;
		};
/* End PBXShellScriptBuildPhase section */

/* Begin PBXSourcesBuildPhase section */
		0447300D1CD84BB100673F92 /* Sources */ = {
			isa = PBXSourcesBuildPhase;
			buildActionMask = 2147483647;
			files = (
				0400654F1CE9915600716B9F /* XCFContentItem.m in Sources */,
				0400655B1CE9BF8600716B9F /* XCFPopularEventView.m in Sources */,
				0415C49F1CEB3E6300B8DF73 /* XCFTemplateFourCell.m in Sources */,
				04212FDE1CE32AFE00D64840 /* XCFNavButton.m in Sources */,
				04212FD01CE2C99100D64840 /* UIView+Extension.m in Sources */,
				6B790A7E1CE2490400EAA45C /* XCFCommunityViewController.m in Sources */,
				040065581CE997B700716B9F /* XCFDishesItem.m in Sources */,
				0461426E1CD8C93F005F0419 /* XCFMarketViewController.m in Sources */,
				04212FD81CE305AB00D64840 /* XCFConst.m in Sources */,
				04DAC29D1CEAE96000BA0A72 /* XCFHeaderViewController.m in Sources */,
				046238351CDCAC3E00D5B6C5 /* XCFNavigationController.m in Sources */,
				0415C49A1CEB3CCA00B8DF73 /* XCFTemplateTwoCell.m in Sources */,
				6B7E84161CE4D140006D7903 /* XCFNavButtonItem.m in Sources */,
				044730191CD84BB100673F92 /* AppDelegate.m in Sources */,
				6B790A7D1CE225C300EAA45C /* XCFSearchController.m in Sources */,
				0415C4A41CEB3EDD00B8DF73 /* XCFTemplateFiveCell.m in Sources */,
				04212FDB1CE31AC600D64840 /* UIButton+Extension.m in Sources */,
				040065551CE993D100716B9F /* XCFEventItem.m in Sources */,
				6B790A761CE221F400EAA45C /* UIImage+Extension.m in Sources */,
				6B790A7A1CE2222000EAA45C /* XCFSearchBar.m in Sources */,
				046142791CD8CA8C005F0419 /* XCFSettingViewController.m in Sources */,
				046142751CD8C9FB005F0419 /* XCFLoginViewController.m in Sources */,
				040065521CE9935000716B9F /* XCFPopularEventsItem.m in Sources */,
				6B790A751CE221F400EAA45C /* UIBarButtonItem+Extension.m in Sources */,
				0415C4941CEB397000B8DF73 /* XCFTemplateOneCell.m in Sources */,
				044730161CD84BB100673F92 /* main.m in Sources */,
				6B7E84191CE4E5BC006D7903 /* XCFURLConst.m in Sources */,
				04EEDC3A1CD880AA00AA64EF /* XCFMainViewController.m in Sources */,
				0461426B1CD8C720005F0419 /* XCFHomeViewController.m in Sources */,
				0461427C1CD8CAA0005F0419 /* XCFProfileViewController.m in Sources */,
			);
			runOnlyForDeploymentPostprocessing = 0;
		};
/* End PBXSourcesBuildPhase section */

/* Begin PBXVariantGroup section */
		044730221CD84BB100673F92 /* LaunchScreen.storyboard */ = {
			isa = PBXVariantGroup;
			children = (
				044730231CD84BB100673F92 /* Base */,
			);
			name = LaunchScreen.storyboard;
			sourceTree = "<group>";
		};
/* End PBXVariantGroup section */

/* Begin XCBuildConfiguration section */
		044730261CD84BB100673F92 /* Debug */ = {
			isa = XCBuildConfiguration;
			buildSettings = {
				ALWAYS_SEARCH_USER_PATHS = NO;
				CLANG_CXX_LANGUAGE_STANDARD = "gnu++0x";
				CLANG_CXX_LIBRARY = "libc++";
				CLANG_ENABLE_MODULES = YES;
				CLANG_ENABLE_OBJC_ARC = YES;
				CLANG_WARN_BOOL_CONVERSION = YES;
				CLANG_WARN_CONSTANT_CONVERSION = YES;
				CLANG_WARN_DIRECT_OBJC_ISA_USAGE = YES_ERROR;
				CLANG_WARN_EMPTY_BODY = YES;
				CLANG_WARN_ENUM_CONVERSION = YES;
				CLANG_WARN_INT_CONVERSION = YES;
				CLANG_WARN_OBJC_ROOT_CLASS = YES_ERROR;
				CLANG_WARN_UNREACHABLE_CODE = YES;
				CLANG_WARN__DUPLICATE_METHOD_MATCH = YES;
				"CODE_SIGN_IDENTITY[sdk=iphoneos*]" = "iPhone Developer";
				COPY_PHASE_STRIP = NO;
				DEBUG_INFORMATION_FORMAT = dwarf;
				ENABLE_STRICT_OBJC_MSGSEND = YES;
				ENABLE_TESTABILITY = YES;
				GCC_C_LANGUAGE_STANDARD = gnu99;
				GCC_DYNAMIC_NO_PIC = NO;
				GCC_NO_COMMON_BLOCKS = YES;
				GCC_OPTIMIZATION_LEVEL = 0;
				GCC_PREPROCESSOR_DEFINITIONS = (
					"DEBUG=1",
					"$(inherited)",
				);
				GCC_WARN_64_TO_32_BIT_CONVERSION = YES;
				GCC_WARN_ABOUT_RETURN_TYPE = YES_ERROR;
				GCC_WARN_UNDECLARED_SELECTOR = YES;
				GCC_WARN_UNINITIALIZED_AUTOS = YES_AGGRESSIVE;
				GCC_WARN_UNUSED_FUNCTION = YES;
				GCC_WARN_UNUSED_VARIABLE = YES;
				IPHONEOS_DEPLOYMENT_TARGET = 9.2;
				MTL_ENABLE_DEBUG_INFO = YES;
				ONLY_ACTIVE_ARCH = YES;
				SDKROOT = iphoneos;
			};
			name = Debug;
		};
		044730271CD84BB100673F92 /* Release */ = {
			isa = XCBuildConfiguration;
			buildSettings = {
				ALWAYS_SEARCH_USER_PATHS = NO;
				CLANG_CXX_LANGUAGE_STANDARD = "gnu++0x";
				CLANG_CXX_LIBRARY = "libc++";
				CLANG_ENABLE_MODULES = YES;
				CLANG_ENABLE_OBJC_ARC = YES;
				CLANG_WARN_BOOL_CONVERSION = YES;
				CLANG_WARN_CONSTANT_CONVERSION = YES;
				CLANG_WARN_DIRECT_OBJC_ISA_USAGE = YES_ERROR;
				CLANG_WARN_EMPTY_BODY = YES;
				CLANG_WARN_ENUM_CONVERSION = YES;
				CLANG_WARN_INT_CONVERSION = YES;
				CLANG_WARN_OBJC_ROOT_CLASS = YES_ERROR;
				CLANG_WARN_UNREACHABLE_CODE = YES;
				CLANG_WARN__DUPLICATE_METHOD_MATCH = YES;
				"CODE_SIGN_IDENTITY[sdk=iphoneos*]" = "iPhone Developer";
				COPY_PHASE_STRIP = NO;
				DEBUG_INFORMATION_FORMAT = "dwarf-with-dsym";
				ENABLE_NS_ASSERTIONS = NO;
				ENABLE_STRICT_OBJC_MSGSEND = YES;
				GCC_C_LANGUAGE_STANDARD = gnu99;
				GCC_NO_COMMON_BLOCKS = YES;
				GCC_WARN_64_TO_32_BIT_CONVERSION = YES;
				GCC_WARN_ABOUT_RETURN_TYPE = YES_ERROR;
				GCC_WARN_UNDECLARED_SELECTOR = YES;
				GCC_WARN_UNINITIALIZED_AUTOS = YES_AGGRESSIVE;
				GCC_WARN_UNUSED_FUNCTION = YES;
				GCC_WARN_UNUSED_VARIABLE = YES;
				IPHONEOS_DEPLOYMENT_TARGET = 9.2;
				MTL_ENABLE_DEBUG_INFO = NO;
				SDKROOT = iphoneos;
				VALIDATE_PRODUCT = YES;
			};
			name = Release;
		};
		044730291CD84BB100673F92 /* Debug */ = {
			isa = XCBuildConfiguration;
			baseConfigurationReference = 780FE1FEE880992158D50094 /* Pods.debug.xcconfig */;
			buildSettings = {
				ASSETCATALOG_COMPILER_APPICON_NAME = AppIcon;
				ASSETCATALOG_COMPILER_LAUNCHIMAGE_NAME = "Brand Assets";
				GCC_PREFIX_HEADER = XCF/Classes/Other/XCF.pch;
				INFOPLIST_FILE = XCF/Info.plist;
				IPHONEOS_DEPLOYMENT_TARGET = 8.0;
				LD_RUNPATH_SEARCH_PATHS = "$(inherited) @executable_path/Frameworks";
				PRODUCT_BUNDLE_IDENTIFIER = com.dalpha.XCF;
				PRODUCT_NAME = "$(TARGET_NAME)";
			};
			name = Debug;
		};
		0447302A1CD84BB100673F92 /* Release */ = {
			isa = XCBuildConfiguration;
			baseConfigurationReference = 037D2CD43429E9F9740EE860 /* Pods.release.xcconfig */;
			buildSettings = {
				ASSETCATALOG_COMPILER_APPICON_NAME = AppIcon;
				ASSETCATALOG_COMPILER_LAUNCHIMAGE_NAME = "Brand Assets";
				GCC_PREFIX_HEADER = XCF/Classes/Other/XCF.pch;
				INFOPLIST_FILE = XCF/Info.plist;
				IPHONEOS_DEPLOYMENT_TARGET = 8.0;
				LD_RUNPATH_SEARCH_PATHS = "$(inherited) @executable_path/Frameworks";
				PRODUCT_BUNDLE_IDENTIFIER = com.dalpha.XCF;
				PRODUCT_NAME = "$(TARGET_NAME)";
			};
			name = Release;
		};
/* End XCBuildConfiguration section */

/* Begin XCConfigurationList section */
		0447300C1CD84BB000673F92 /* Build configuration list for PBXProject "XCF" */ = {
			isa = XCConfigurationList;
			buildConfigurations = (
				044730261CD84BB100673F92 /* Debug */,
				044730271CD84BB100673F92 /* Release */,
			);
			defaultConfigurationIsVisible = 0;
			defaultConfigurationName = Release;
		};
		044730281CD84BB100673F92 /* Build configuration list for PBXNativeTarget "XCF" */ = {
			isa = XCConfigurationList;
			buildConfigurations = (
				044730291CD84BB100673F92 /* Debug */,
				0447302A1CD84BB100673F92 /* Release */,
			);
			defaultConfigurationIsVisible = 0;
			defaultConfigurationName = Release;
		};
/* End XCConfigurationList section */
	};
	rootObject = 044730091CD84BB000673F92 /* Project object */;
}
